
Microsoft Visual Studio Solution File, Format Version 12.00
# Visual Studio Version 17
VisualStudioVersion = 17.6.33723.286
MinimumVisualStudioVersion = 10.0.40219.1
Project("{FAE04EC0-301F-11D3-BF4B-00C04F79EFBC}") = "ReadDataFromWebsite", "ReadDataFromWebsite\ReadDataFromWebsite.csproj", "{EAC939AD-A8B7-4987-8D5B-DF26B990DFCC}"
EndProject
Global
	GlobalSection(SolutionConfigurationPlatforms) = preSolution
		Debug|Any CPU = Debug|Any CPU
		Release|Any CPU = Release|Any CPU
	EndGlobalSection
	GlobalSection(ProjectConfigurationPlatforms) = postSolution
		{EAC939AD-A8B7-4987-8D5B-DF26B990DFCC}.Debug|Any CPU.ActiveCfg = Debug|Any CPU
		{EAC939AD-A8B7-4987-8D5B-DF26B990DFCC}.Debug|Any CPU.Build.0 = Debug|Any CPU
		{EAC939AD-A8B7-4987-8D5B-DF26B990DFCC}.Release|Any CPU.ActiveCfg = Release|Any CPU
		{EAC939AD-A8B7-4987-8D5B-DF26B990DFCC}.Release|Any CPU.Build.0 = Release|Any CPU
	EndGlobalSection
	GlobalSection(SolutionProperties) = preSolution
		HideSolutionNode = FALSE
	EndGlobalSection
	GlobalSection(ExtensibilityGlobals) = postSolution
		SolutionGuid = {BFC091BE-26CD-4FBE-9FDA-B0C65F7F7F91}
	EndGlobalSection
EndGlobal
